
Microsoft Visual Studio Solution File, Format Version 12.00
# Visual Studio Version 16
VisualStudioVersion = 16.0.29424.173
MinimumVisualStudioVersion = 10.0.40219.1
Project("{FAE04EC0-301F-11D3-BF4B-00C04F79EFBC}") = "QuickBuy.Dominio", "QuickBuy.Dominio\QuickBuy.Dominio.csproj", "{A0295D52-D10B-418C-ABB2-55D6F3F06FA4}"
EndProject
Project("{FAE04EC0-301F-11D3-BF4B-00C04F79EFBC}") = "QuickBuy.Repositorio", "QuickBuy.Repositorio\QuickBuy.Repositorio.csproj", "{EDC93445-B085-4528-8CF5-14FE12B7BFCC}"
EndProject
Project("{FAE04EC0-301F-11D3-BF4B-00C04F79EFBC}") = "QuickBuy.Web", "QuickBuy.Web\QuickBuy.Web.csproj", "{CD0FFDB3-EF75-4958-95D5-8C72BAA25E19}"
EndProject
Global
	GlobalSection(SolutionConfigurationPlatforms) = preSolution
		Debug|Any CPU = Debug|Any CPU
		Release|Any CPU = Release|Any CPU
	EndGlobalSection
	GlobalSection(ProjectConfigurationPlatforms) = postSolution
		{A0295D52-D10B-418C-ABB2-55D6F3F06FA4}.Debug|Any CPU.ActiveCfg = Debug|Any CPU
		{A0295D52-D10B-418C-ABB2-55D6F3F06FA4}.Debug|Any CPU.Build.0 = Debug|Any CPU
		{A0295D52-D10B-418C-ABB2-55D6F3F06FA4}.Release|Any CPU.ActiveCfg = Release|Any CPU
		{A0295D52-D10B-418C-ABB2-55D6F3F06FA4}.Release|Any CPU.Build.0 = Release|Any CPU
		{EDC93445-B085-4528-8CF5-14FE12B7BFCC}.Debug|Any CPU.ActiveCfg = Debug|Any CPU
		{EDC93445-B085-4528-8CF5-14FE12B7BFCC}.Debug|Any CPU.Build.0 = Debug|Any CPU
		{EDC93445-B085-4528-8CF5-14FE12B7BFCC}.Release|Any CPU.ActiveCfg = Release|Any CPU
		{EDC93445-B085-4528-8CF5-14FE12B7BFCC}.Release|Any CPU.Build.0 = Release|Any CPU
		{CD0FFDB3-EF75-4958-95D5-8C72BAA25E19}.Debug|Any CPU.ActiveCfg = Debug|Any CPU
		{CD0FFDB3-EF75-4958-95D5-8C72BAA25E19}.Debug|Any CPU.Build.0 = Debug|Any CPU
		{CD0FFDB3-EF75-4958-95D5-8C72BAA25E19}.Release|Any CPU.ActiveCfg = Release|Any CPU
		{CD0FFDB3-EF75-4958-95D5-8C72BAA25E19}.Release|Any CPU.Build.0 = Release|Any CPU
	EndGlobalSection
	GlobalSection(SolutionProperties) = preSolution
		HideSolutionNode = FALSE
	EndGlobalSection
	GlobalSection(ExtensibilityGlobals) = postSolution
		SolutionGuid = {B0456747-292B-440E-A14A-2121AFD8C27D}
	EndGlobalSection
EndGlobal
